
Microsoft Visual Studio Solution File, Format Version 12.00
# Visual Studio Version 17
VisualStudioVersion = 17.1.32421.90
MinimumVisualStudioVersion = 10.0.40219.1
Project("{9A19103F-16F7-4668-BE54-9A1E7A4F7556}") = "WebScraper_Lambda", "WebScraper_Lambda\WebScraper_Lambda.csproj", "{2135A7B6-A249-40DD-86CA-84651D211E70}"
EndProject
Global
	GlobalSection(SolutionConfigurationPlatforms) = preSolution
		Debug|Any CPU = Debug|Any CPU
		Release|Any CPU = Release|Any CPU
	EndGlobalSection
	GlobalSection(ProjectConfigurationPlatforms) = postSolution
		{2135A7B6-A249-40DD-86CA-84651D211E70}.Debug|Any CPU.ActiveCfg = Debug|Any CPU
		{2135A7B6-A249-40DD-86CA-84651D211E70}.Debug|Any CPU.Build.0 = Debug|Any CPU
		{2135A7B6-A249-40DD-86CA-84651D211E70}.Release|Any CPU.ActiveCfg = Release|Any CPU
		{2135A7B6-A249-40DD-86CA-84651D211E70}.Release|Any CPU.Build.0 = Release|Any CPU
	EndGlobalSection
	GlobalSection(SolutionProperties) = preSolution
		HideSolutionNode = FALSE
	EndGlobalSection
	GlobalSection(ExtensibilityGlobals) = postSolution
		SolutionGuid = {C4093D19-7770-4C5E-9730-56BF28685028}
	EndGlobalSection
EndGlobal
